// !$*UTF8*$!
{
	archiveVersion = 1;
	classes = {
	};
	objectVersion = 56;
	objects = {

/* Begin PBXBuildFile section */
		3A238D8E2B9CA3E100CFE3FB /* AppDelegate.swift in Sources */ = {isa = PBXBuildFile; fileRef = 3A238D8D2B9CA3E100CFE3FB /* AppDelegate.swift */; };
		3A238D902B9CA3E100CFE3FB /* SceneDelegate.swift in Sources */ = {isa = PBXBuildFile; fileRef = 3A238D8F2B9CA3E100CFE3FB /* SceneDelegate.swift */; };
		3A238D922B9CA3E100CFE3FB /* ViewController.swift in Sources */ = {isa = PBXBuildFile; fileRef = 3A238D912B9CA3E100CFE3FB /* ViewController.swift */; };
		3A238D952B9CA3E100CFE3FB /* Main.storyboard in Resources */ = {isa = PBXBuildFile; fileRef = 3A238D932B9CA3E100CFE3FB /* Main.storyboard */; };
		3A238D972B9CA3E200CFE3FB /* Assets.xcassets in Resources */ = {isa = PBXBuildFile; fileRef = 3A238D962B9CA3E200CFE3FB /* Assets.xcassets */; };
		3A238D9A2B9CA3E200CFE3FB /* LaunchScreen.storyboard in Resources */ = {isa = PBXBuildFile; fileRef = 3A238D982B9CA3E200CFE3FB /* LaunchScreen.storyboard */; };
		3A238DA52B9CA3E300CFE3FB /* SeafoodTests.swift in Sources */ = {isa = PBXBuildFile; fileRef = 3A238DA42B9CA3E300CFE3FB /* SeafoodTests.swift */; };
		3A238DAF2B9CA3E300CFE3FB /* SeafoodUITests.swift in Sources */ = {isa = PBXBuildFile; fileRef = 3A238DAE2B9CA3E300CFE3FB /* SeafoodUITests.swift */; };
		3A238DB12B9CA3E300CFE3FB /* SeafoodUITestsLaunchTests.swift in Sources */ = {isa = PBXBuildFile; fileRef = 3A238DB02B9CA3E300CFE3FB /* SeafoodUITestsLaunchTests.swift */; };
		3A238DBE2B9CA3F000CFE3FB /* Inceptionv3.mlmodel in Sources */ = {isa = PBXBuildFile; fileRef = 3A238DBD2B9CA3F000CFE3FB /* Inceptionv3.mlmodel */; };
/* End PBXBuildFile section */

/* Begin PBXContainerItemProxy section */
		3A238DA12B9CA3E300CFE3FB /* PBXContainerItemProxy */ = {
			isa = PBXContainerItemProxy;
			containerPortal = 3A238D822B9CA3E100CFE3FB /* Project object */;
			proxyType = 1;
			remoteGlobalIDString = 3A238D892B9CA3E100CFE3FB;
			remoteInfo = Seafood;
		};
		3A238DAB2B9CA3E300CFE3FB /* PBXContainerItemProxy */ = {
			isa = PBXContainerItemProxy;
			containerPortal = 3A238D822B9CA3E100CFE3FB /* Project object */;
			proxyType = 1;
			remoteGlobalIDString = 3A238D892B9CA3E100CFE3FB;
			remoteInfo = Seafood;
		};
/* End PBXContainerItemProxy section */

/* Begin PBXFileReference section */
		3A238D8A2B9CA3E100CFE3FB /* Seafood.app */ = {isa = PBXFileReference; explicitFileType = wrapper.application; includeInIndex = 0; path = Seafood.app; sourceTree = BUILT_PRODUCTS_DIR; };
		3A238D8D2B9CA3E100CFE3FB /* AppDelegate.swift */ = {isa = PBXFileReference; lastKnownFileType = sourcecode.swift; path = AppDelegate.swift; sourceTree = "<group>"; };
		3A238D8F2B9CA3E100CFE3FB /* SceneDelegate.swift */ = {isa = PBXFileReference; lastKnownFileType = sourcecode.swift; path = SceneDelegate.swift; sourceTree = "<group>"; };
		3A238D912B9CA3E100CFE3FB /* ViewController.swift */ = {isa = PBXFileReference; lastKnownFileType = sourcecode.swift; path = ViewController.swift; sourceTree = "<group>"; };
		3A238D942B9CA3E100CFE3FB /* Base */ = {isa = PBXFileReference; lastKnownFileType = file.storyboard; name = Base; path = Base.lproj/Main.storyboard; sourceTree = "<group>"; };
		3A238D962B9CA3E200CFE3FB /* Assets.xcassets */ = {isa = PBXFileReference; lastKnownFileType = folder.assetcatalog; path = Assets.xcassets; sourceTree = "<group>"; };
		3A238D992B9CA3E200CFE3FB /* Base */ = {isa = PBXFileReference; lastKnownFileType = file.storyboard; name = Base; path = Base.lproj/LaunchScreen.storyboard; sourceTree = "<group>"; };
		3A238D9B2B9CA3E200CFE3FB /* Info.plist */ = {isa = PBXFileReference; lastKnownFileType = text.plist.xml; path = Info.plist; sourceTree = "<group>"; };
		3A238DA02B9CA3E300CFE3FB /* SeafoodTests.xctest */ = {isa = PBXFileReference; explicitFileType = wrapper.cfbundle; includeInIndex = 0; path = SeafoodTests.xctest; sourceTree = BUILT_PRODUCTS_DIR; };
		3A238DA42B9CA3E300CFE3FB /* SeafoodTests.swift */ = {isa = PBXFileReference; lastKnownFileType = sourcecode.swift; path = SeafoodTests.swift; sourceTree = "<group>"; };
		3A238DAA2B9CA3E300CFE3FB /* SeafoodUITests.xctest */ = {isa = PBXFileReference; explicitFileType = wrapper.cfbundle; includeInIndex = 0; path = SeafoodUITests.xctest; sourceTree = BUILT_PRODUCTS_DIR; };
		3A238DAE2B9CA3E300CFE3FB /* SeafoodUITests.swift */ = {isa = PBXFileReference; lastKnownFileType = sourcecode.swift; path = SeafoodUITests.swift; sourceTree = "<group>"; };
		3A238DB02B9CA3E300CFE3FB /* SeafoodUITestsLaunchTests.swift */ = {isa = PBXFileReference; lastKnownFileType = sourcecode.swift; path = SeafoodUITestsLaunchTests.swift; sourceTree = "<group>"; };
		3A238DBD2B9CA3F000CFE3FB /* Inceptionv3.mlmodel */ = {isa = PBXFileReference; lastKnownFileType = file.mlmodel; path = Inceptionv3.mlmodel; sourceTree = "<group>"; };
/* End PBXFileReference section */

/* Begin PBXFrameworksBuildPhase section */
		3A238D872B9CA3E100CFE3FB /* Frameworks */ = {
			isa = PBXFrameworksBuildPhase;
			buildActionMask = 2147483647;
			files = (
			);
			runOnlyForDeploymentPostprocessing = 0;
		};
		3A238D9D2B9CA3E300CFE3FB /* Frameworks */ = {
			isa = PBXFrameworksBuildPhase;
			buildActionMask = 2147483647;
			files = (
			);
			runOnlyForDeploymentPostprocessing = 0;
		};
		3A238DA72B9CA3E300CFE3FB /* Frameworks */ = {
			isa = PBXFrameworksBuildPhase;
			buildActionMask = 2147483647;
			files = (
			);
			runOnlyForDeploymentPostprocessing = 0;
		};
/* End PBXFrameworksBuildPhase section */

/* Begin PBXGroup section */
		3A238D812B9CA3E100CFE3FB = {
			isa = PBXGroup;
			children = (
				3A238D8C2B9CA3E100CFE3FB /* Seafood */,
				3A238DA32B9CA3E300CFE3FB /* SeafoodTests */,
				3A238DAD2B9CA3E300CFE3FB /* SeafoodUITests */,
				3A238D8B2B9CA3E100CFE3FB /* Products */,
			);
			sourceTree = "<group>";
		};
		3A238D8B2B9CA3E100CFE3FB /* Products */ = {
			isa = PBXGroup;
			children = (
				3A238D8A2B9CA3E100CFE3FB /* Seafood.app */,
				3A238DA02B9CA3E300CFE3FB /* SeafoodTests.xctest */,
				3A238DAA2B9CA3E300CFE3FB /* SeafoodUITests.xctest */,
			);
			name = Products;
			sourceTree = "<group>";
		};
		3A238D8C2B9CA3E100CFE3FB /* Seafood */ = {
			isa = PBXGroup;
			children = (
				3A238D8D2B9CA3E100CFE3FB /* AppDelegate.swift */,
				3A238D8F2B9CA3E100CFE3FB /* SceneDelegate.swift */,
				3A238D912B9CA3E100CFE3FB /* ViewController.swift */,
				3A238D932B9CA3E100CFE3FB /* Main.storyboard */,
				3A238D962B9CA3E200CFE3FB /* Assets.xcassets */,
				3A238D982B9CA3E200CFE3FB /* LaunchScreen.storyboard */,
				3A238D9B2B9CA3E200CFE3FB /* Info.plist */,
				3A238DBD2B9CA3F000CFE3FB /* Inceptionv3.mlmodel */,
			);
			path = Seafood;
			sourceTree = "<group>";
		};
		3A238DA32B9CA3E300CFE3FB /* SeafoodTests */ = {
			isa = PBXGroup;
			children = (
				3A238DA42B9CA3E300CFE3FB /* SeafoodTests.swift */,
			);
			path = SeafoodTests;
			sourceTree = "<group>";
		};
		3A238DAD2B9CA3E300CFE3FB /* SeafoodUITests */ = {
			isa = PBXGroup;
			children = (
				3A238DAE2B9CA3E300CFE3FB /* SeafoodUITests.swift */,
				3A238DB02B9CA3E300CFE3FB /* SeafoodUITestsLaunchTests.swift */,
			);
			path = SeafoodUITests;
			sourceTree = "<group>";
		};
/* End PBXGroup section */

/* Begin PBXNativeTarget section */
		3A238D892B9CA3E100CFE3FB /* Seafood */ = {
			isa = PBXNativeTarget;
			buildConfigurationList = 3A238DB42B9CA3E300CFE3FB /* Build configuration list for PBXNativeTarget "Seafood" */;
			buildPhases = (
				3A238D862B9CA3E100CFE3FB /* Sources */,
				3A238D872B9CA3E100CFE3FB /* Frameworks */,
				3A238D882B9CA3E100CFE3FB /* Resources */,
			);
			buildRules = (
			);
			dependencies = (
			);
			name = Seafood;
			productName = Seafood;
			productReference = 3A238D8A2B9CA3E100CFE3FB /* Seafood.app */;
			productType = "com.apple.product-type.application";
		};
		3A238D9F2B9CA3E300CFE3FB /* SeafoodTests */ = {
			isa = PBXNativeTarget;
			buildConfigurationList = 3A238DB72B9CA3E300CFE3FB /* Build configuration list for PBXNativeTarget "SeafoodTests" */;
			buildPhases = (
				3A238D9C2B9CA3E300CFE3FB /* Sources */,
				3A238D9D2B9CA3E300CFE3FB /* Frameworks */,
				3A238D9E2B9CA3E300CFE3FB /* Resources */,
			);
			buildRules = (
			);
			dependencies = (
				3A238DA22B9CA3E300CFE3FB /* PBXTargetDependency */,
			);
			name = SeafoodTests;
			productName = SeafoodTests;
			productReference = 3A238DA02B9CA3E300CFE3FB /* SeafoodTests.xctest */;
			productType = "com.apple.product-type.bundle.unit-test";
		};
		3A238DA92B9CA3E300CFE3FB /* SeafoodUITests */ = {
			isa = PBXNativeTarget;
			buildConfigurationList = 3A238DBA2B9CA3E300CFE3FB /* Build configuration list for PBXNativeTarget "SeafoodUITests" */;
			buildPhases = (
				3A238DA62B9CA3E300CFE3FB /* Sources */,
				3A238DA72B9CA3E300CFE3FB /* Frameworks */,
				3A238DA82B9CA3E300CFE3FB /* Resources */,
			);
			buildRules = (
			);
			dependencies = (
				3A238DAC2B9CA3E300CFE3FB /* PBXTargetDependency */,
			);
			name = SeafoodUITests;
			productName = SeafoodUITests;
			productReference = 3A238DAA2B9CA3E300CFE3FB /* SeafoodUITests.xctest */;
			productType = "com.apple.product-type.bundle.ui-testing";
		};
/* End PBXNativeTarget section */

/* Begin PBXProject section */
		3A238D822B9CA3E100CFE3FB /* Project object */ = {
			isa = PBXProject;
			attributes = {
				BuildIndependentTargetsInParallel = 1;
				LastSwiftUpdateCheck = 1430;
				LastUpgradeCheck = 1430;
				TargetAttributes = {
					3A238D892B9CA3E100CFE3FB = {
						CreatedOnToolsVersion = 14.3;
					};
					3A238D9F2B9CA3E300CFE3FB = {
						CreatedOnToolsVersion = 14.3;
						TestTargetID = 3A238D892B9CA3E100CFE3FB;
					};
					3A238DA92B9CA3E300CFE3FB = {
						CreatedOnToolsVersion = 14.3;
						TestTargetID = 3A238D892B9CA3E100CFE3FB;
					};
				};
			};
			buildConfigurationList = 3A238D852B9CA3E100CFE3FB /* Build configuration list for PBXProject "Seafood" */;
			compatibilityVersion = "Xcode 14.0";
			developmentRegion = en;
			hasScannedForEncodings = 0;
			knownRegions = (
				en,
				Base,
			);
			mainGroup = 3A238D812B9CA3E100CFE3FB;
			productRefGroup = 3A238D8B2B9CA3E100CFE3FB /* Products */;
			projectDirPath = "";
			projectRoot = "";
			targets = (
				3A238D892B9CA3E100CFE3FB /* Seafood */,
				3A238D9F2B9CA3E300CFE3FB /* SeafoodTests */,
				3A238DA92B9CA3E300CFE3FB /* SeafoodUITests */,
			);
		};
/* End PBXProject section */

/* Begin PBXResourcesBuildPhase section */
		3A238D882B9CA3E100CFE3FB /* Resources */ = {
			isa = PBXResourcesBuildPhase;
			buildActionMask = 2147483647;
			files = (
				3A238D9A2B9CA3E200CFE3FB /* LaunchScreen.storyboard in Resources */,
				3A238D972B9CA3E200CFE3FB /* Assets.xcassets in Resources */,
				3A238D952B9CA3E100CFE3FB /* Main.storyboard in Resources */,
			);
			runOnlyForDeploymentPostprocessing = 0;
		};
		3A238D9E2B9CA3E300CFE3FB /* Resources */ = {
			isa = PBXResourcesBuildPhase;
			buildActionMask = 2147483647;
			files = (
			);
			runOnlyForDeploymentPostprocessing = 0;
		};
		3A238DA82B9CA3E300CFE3FB /* Resources */ = {
			isa = PBXResourcesBuildPhase;
			buildActionMask = 2147483647;
			files = (
			);
			runOnlyForDeploymentPostprocessing = 0;
		};
/* End PBXResourcesBuildPhase section */

/* Begin PBXSourcesBuildPhase section */
		3A238D862B9CA3E100CFE3FB /* Sources */ = {
			isa = PBXSourcesBuildPhase;
			buildActionMask = 2147483647;
			files = (
				3A238D922B9CA3E100CFE3FB /* ViewController.swift in Sources */,
				3A238DBE2B9CA3F000CFE3FB /* Inceptionv3.mlmodel in Sources */,
				3A238D8E2B9CA3E100CFE3FB /* AppDelegate.swift in Sources */,
				3A238D902B9CA3E100CFE3FB /* SceneDelegate.swift in Sources */,
			);
			runOnlyForDeploymentPostprocessing = 0;
		};
		3A238D9C2B9CA3E300CFE3FB /* Sources */ = {
			isa = PBXSourcesBuildPhase;
			buildActionMask = 2147483647;
			files = (
				3A238DA52B9CA3E300CFE3FB /* SeafoodTests.swift in Sources */,
			);
			runOnlyForDeploymentPostprocessing = 0;
		};
		3A238DA62B9CA3E300CFE3FB /* Sources */ = {
			isa = PBXSourcesBuildPhase;
			buildActionMask = 2147483647;
			files = (
				3A238DB12B9CA3E300CFE3FB /* SeafoodUITestsLaunchTests.swift in Sources */,
				3A238DAF2B9CA3E300CFE3FB /* SeafoodUITests.swift in Sources */,
			);
			runOnlyForDeploymentPostprocessing = 0;
		};
/* End PBXSourcesBuildPhase section */

/* Begin PBXTargetDependency section */
		3A238DA22B9CA3E300CFE3FB /* PBXTargetDependency */ = {
			isa = PBXTargetDependency;
			target = 3A238D892B9CA3E100CFE3FB /* Seafood */;
			targetProxy = 3A238DA12B9CA3E300CFE3FB /* PBXContainerItemProxy */;
		};
		3A238DAC2B9CA3E300CFE3FB /* PBXTargetDependency */ = {
			isa = PBXTargetDependency;
			target = 3A238D892B9CA3E100CFE3FB /* Seafood */;
			targetProxy = 3A238DAB2B9CA3E300CFE3FB /* PBXContainerItemProxy */;
		};
/* End PBXTargetDependency section */

/* Begin PBXVariantGroup section */
		3A238D932B9CA3E100CFE3FB /* Main.storyboard */ = {
			isa = PBXVariantGroup;
			children = (
				3A238D942B9CA3E100CFE3FB /* Base */,
			);
			name = Main.storyboard;
			sourceTree = "<group>";
		};
		3A238D982B9CA3E200CFE3FB /* LaunchScreen.storyboard */ = {
			isa = PBXVariantGroup;
			children = (
				3A238D992B9CA3E200CFE3FB /* Base */,
			);
			name = LaunchScreen.storyboard;
			sourceTree = "<group>";
		};
/* End PBXVariantGroup section */

/* Begin XCBuildConfiguration section */
		3A238DB22B9CA3E300CFE3FB /* Debug */ = {
			isa = XCBuildConfiguration;
			buildSettings = {
				ALWAYS_SEARCH_USER_PATHS = NO;
				CLANG_ANALYZER_NONNULL = YES;
				CLANG_ANALYZER_NUMBER_OBJECT_CONVERSION = YES_AGGRESSIVE;
				CLANG_CXX_LANGUAGE_STANDARD = "gnu++20";
				CLANG_ENABLE_MODULES = YES;
				CLANG_ENABLE_OBJC_ARC = YES;
				CLANG_ENABLE_OBJC_WEAK = YES;
				CLANG_WARN_BLOCK_CAPTURE_AUTORELEASING = YES;
				CLANG_WARN_BOOL_CONVERSION = YES;
				CLANG_WARN_COMMA = YES;
				CLANG_WARN_CONSTANT_CONVERSION = YES;
				CLANG_WARN_DEPRECATED_OBJC_IMPLEMENTATIONS = YES;
				CLANG_WARN_DIRECT_OBJC_ISA_USAGE = YES_ERROR;
				CLANG_WARN_DOCUMENTATION_COMMENTS = YES;
				CLANG_WARN_EMPTY_BODY = YES;
				CLANG_WARN_ENUM_CONVERSION = YES;
				CLANG_WARN_INFINITE_RECURSION = YES;
				CLANG_WARN_INT_CONVERSION = YES;
				CLANG_WARN_NON_LITERAL_NULL_CONVERSION = YES;
				CLANG_WARN_OBJC_IMPLICIT_RETAIN_SELF = YES;
				CLANG_WARN_OBJC_LITERAL_CONVERSION = YES;
				CLANG_WARN_OBJC_ROOT_CLASS = YES_ERROR;
				CLANG_WARN_QUOTED_INCLUDE_IN_FRAMEWORK_HEADER = YES;
				CLANG_WARN_RANGE_LOOP_ANALYSIS = YES;
				CLANG_WARN_STRICT_PROTOTYPES = YES;
				CLANG_WARN_SUSPICIOUS_MOVE = YES;
				CLANG_WARN_UNGUARDED_AVAILABILITY = YES_AGGRESSIVE;
				CLANG_WARN_UNREACHABLE_CODE = YES;
				CLANG_WARN__DUPLICATE_METHOD_MATCH = YES;
				COPY_PHASE_STRIP = NO;
				DEBUG_INFORMATION_FORMAT = dwarf;
				ENABLE_STRICT_OBJC_MSGSEND = YES;
				ENABLE_TESTABILITY = YES;
				GCC_C_LANGUAGE_STANDARD = gnu11;
				GCC_DYNAMIC_NO_PIC = NO;
				GCC_NO_COMMON_BLOCKS = YES;
				GCC_OPTIMIZATION_LEVEL = 0;
				GCC_PREPROCESSOR_DEFINITIONS = (
					"DEBUG=1",
					"$(inherited)",
				);
				GCC_WARN_64_TO_32_BIT_CONVERSION = YES;
				GCC_WARN_ABOUT_RETURN_TYPE = YES_ERROR;
				GCC_WARN_UNDECLARED_SELECTOR = YES;
				GCC_WARN_UNINITIALIZED_AUTOS = YES_AGGRESSIVE;
				GCC_WARN_UNUSED_FUNCTION = YES;
				GCC_WARN_UNUSED_VARIABLE = YES;
				IPHONEOS_DEPLOYMENT_TARGET = 16.4;
				MTL_ENABLE_DEBUG_INFO = INCLUDE_SOURCE;
				MTL_FAST_MATH = YES;
				ONLY_ACTIVE_ARCH = YES;
				SDKROOT = iphoneos;
				SWIFT_ACTIVE_COMPILATION_CONDITIONS = DEBUG;
				SWIFT_OPTIMIZATION_LEVEL = "-Onone";
			};
			name = Debug;
		};
		3A238DB32B9CA3E300CFE3FB /* Release */ = {
			isa = XCBuildConfiguration;
			buildSettings = {
				ALWAYS_SEARCH_USER_PATHS = NO;
				CLANG_ANALYZER_NONNULL = YES;
				CLANG_ANALYZER_NUMBER_OBJECT_CONVERSION = YES_AGGRESSIVE;
				CLANG_CXX_LANGUAGE_STANDARD = "gnu++20";
				CLANG_ENABLE_MODULES = YES;
				CLANG_ENABLE_OBJC_ARC = YES;
				CLANG_ENABLE_OBJC_WEAK = YES;
				CLANG_WARN_BLOCK_CAPTURE_AUTORELEASING = YES;
				CLANG_WARN_BOOL_CONVERSION = YES;
				CLANG_WARN_COMMA = YES;
				CLANG_WARN_CONSTANT_CONVERSION = YES;
				CLANG_WARN_DEPRECATED_OBJC_IMPLEMENTATIONS = YES;
				CLANG_WARN_DIRECT_OBJC_ISA_USAGE = YES_ERROR;
				CLANG_WARN_DOCUMENTATION_COMMENTS = YES;
				CLANG_WARN_EMPTY_BODY = YES;
				CLANG_WARN_ENUM_CONVERSION = YES;
				CLANG_WARN_INFINITE_RECURSION = YES;
				CLANG_WARN_INT_CONVERSION = YES;
				CLANG_WARN_NON_LITERAL_NULL_CONVERSION = YES;
				CLANG_WARN_OBJC_IMPLICIT_RETAIN_SELF = YES;
				CLANG_WARN_OBJC_LITERAL_CONVERSION = YES;
				CLANG_WARN_OBJC_ROOT_CLASS = YES_ERROR;
				CLANG_WARN_QUOTED_INCLUDE_IN_FRAMEWORK_HEADER = YES;
				CLANG_WARN_RANGE_LOOP_ANALYSIS = YES;
				CLANG_WARN_STRICT_PROTOTYPES = YES;
				CLANG_WARN_SUSPICIOUS_MOVE = YES;
				CLANG_WARN_UNGUARDED_AVAILABILITY = YES_AGGRESSIVE;
				CLANG_WARN_UNREACHABLE_CODE = YES;
				CLANG_WARN__DUPLICATE_METHOD_MATCH = YES;
				COPY_PHASE_STRIP = NO;
				DEBUG_INFORMATION_FORMAT = "dwarf-with-dsym";
				ENABLE_NS_ASSERTIONS = NO;
				ENABLE_STRICT_OBJC_MSGSEND = YES;
				GCC_C_LANGUAGE_STANDARD = gnu11;
				GCC_NO_COMMON_BLOCKS = YES;
				GCC_WARN_64_TO_32_BIT_CONVERSION = YES;
				GCC_WARN_ABOUT_RETURN_TYPE = YES_ERROR;
				GCC_WARN_UNDECLARED_SELECTOR = YES;
				GCC_WARN_UNINITIALIZED_AUTOS = YES_AGGRESSIVE;
				GCC_WARN_UNUSED_FUNCTION = YES;
				GCC_WARN_UNUSED_VARIABLE = YES;
				IPHONEOS_DEPLOYMENT_TARGET = 16.4;
				MTL_ENABLE_DEBUG_INFO = NO;
				MTL_FAST_MATH = YES;
				SDKROOT = iphoneos;
				SWIFT_COMPILATION_MODE = wholemodule;
				SWIFT_OPTIMIZATION_LEVEL = "-O";
				VALIDATE_PRODUCT = YES;
			};
			name = Release;
		};
		3A238DB52B9CA3E300CFE3FB /* Debug */ = {
			isa = XCBuildConfiguration;
			buildSettings = {
				ASSETCATALOG_COMPILER_APPICON_NAME = AppIcon;
				ASSETCATALOG_COMPILER_GLOBAL_ACCENT_COLOR_NAME = AccentColor;
				CODE_SIGN_STYLE = Automatic;
				CURRENT_PROJECT_VERSION = 1;
				DEVELOPMENT_TEAM = SX32JKAL2M;
				GENERATE_INFOPLIST_FILE = YES;
				INFOPLIST_FILE = Seafood/Info.plist;
				INFOPLIST_KEY_UIApplicationSupportsIndirectInputEvents = YES;
				INFOPLIST_KEY_UILaunchStoryboardName = LaunchScreen;
				INFOPLIST_KEY_UIMainStoryboardFile = Main;
				INFOPLIST_KEY_UISupportedInterfaceOrientations_iPad = "UIInterfaceOrientationPortrait UIInterfaceOrientationPortraitUpsideDown UIInterfaceOrientationLandscapeLeft UIInterfaceOrientationLandscapeRight";
				INFOPLIST_KEY_UISupportedInterfaceOrientations_iPhone = "UIInterfaceOrientationPortrait UIInterfaceOrientationLandscapeLeft UIInterfaceOrientationLandscapeRight";
				LD_RUNPATH_SEARCH_PATHS = (
					"$(inherited)",
					"@executable_path/Frameworks",
				);
				MARKETING_VERSION = 1.0;
				PRODUCT_BUNDLE_IDENTIFIER = com.project1.Seafood;
				PRODUCT_NAME = "$(TARGET_NAME)";
				SWIFT_EMIT_LOC_STRINGS = YES;
				SWIFT_VERSION = 5.0;
				TARGETED_DEVICE_FAMILY = "1,2";
			};
			name = Debug;
		};
		3A238DB62B9CA3E300CFE3FB /* Release */ = {
			isa = XCBuildConfiguration;
			buildSettings = {
				ASSETCATALOG_COMPILER_APPICON_NAME = AppIcon;
				ASSETCATALOG_COMPILER_GLOBAL_ACCENT_COLOR_NAME = AccentColor;
				CODE_SIGN_STYLE = Automatic;
				CURRENT_PROJECT_VERSION = 1;
				DEVELOPMENT_TEAM = SX32JKAL2M;
				GENERATE_INFOPLIST_FILE = YES;
				INFOPLIST_FILE = Seafood/Info.plist;
				INFOPLIST_KEY_UIApplicationSupportsIndirectInputEvents = YES;
				INFOPLIST_KEY_UILaunchStoryboardName = LaunchScreen;
				INFOPLIST_KEY_UIMainStoryboardFile = Main;
				INFOPLIST_KEY_UISupportedInterfaceOrientations_iPad = "UIInterfaceOrientationPortrait UIInterfaceOrientationPortraitUpsideDown UIInterfaceOrientationLandscapeLeft UIInterfaceOrientationLandscapeRight";
				INFOPLIST_KEY_UISupportedInterfaceOrientations_iPhone = "UIInterfaceOrientationPortrait UIInterfaceOrientationLandscapeLeft UIInterfaceOrientationLandscapeRight";
				LD_RUNPATH_SEARCH_PATHS = (
					"$(inherited)",
					"@executable_path/Frameworks",
				);
				MARKETING_VERSION = 1.0;
				PRODUCT_BUNDLE_IDENTIFIER = com.project1.Seafood;
				PRODUCT_NAME = "$(TARGET_NAME)";
				SWIFT_EMIT_LOC_STRINGS = YES;
				SWIFT_VERSION = 5.0;
				TARGETED_DEVICE_FAMILY = "1,2";
			};
			name = Release;
		};
		3A238DB82B9CA3E300CFE3FB /* Debug */ = {
			isa = XCBuildConfiguration;
			buildSettings = {
				ALWAYS_EMBED_SWIFT_STANDARD_LIBRARIES = YES;
				BUNDLE_LOADER = "$(TEST_HOST)";
				CODE_SIGN_STYLE = Automatic;
				CURRENT_PROJECT_VERSION = 1;
				DEVELOPMENT_TEAM = SX32JKAL2M;
				GENERATE_INFOPLIST_FILE = YES;
				IPHONEOS_DEPLOYMENT_TARGET = 16.4;
				MARKETING_VERSION = 1.0;
				PRODUCT_BUNDLE_IDENTIFIER = com.project1.SeafoodTests;
				PRODUCT_NAME = "$(TARGET_NAME)";
				SWIFT_EMIT_LOC_STRINGS = NO;
				SWIFT_VERSION = 5.0;
				TARGETED_DEVICE_FAMILY = "1,2";
				TEST_HOST = "$(BUILT_PRODUCTS_DIR)/Seafood.app/$(BUNDLE_EXECUTABLE_FOLDER_PATH)/Seafood";
			};
			name = Debug;
		};
		3A238DB92B9CA3E300CFE3FB /* Release */ = {
			isa = XCBuildConfiguration;
			buildSettings = {
				ALWAYS_EMBED_SWIFT_STANDARD_LIBRARIES = YES;
				BUNDLE_LOADER = "$(TEST_HOST)";
				CODE_SIGN_STYLE = Automatic;
				CURRENT_PROJECT_VERSION = 1;
				DEVELOPMENT_TEAM = SX32JKAL2M;
				GENERATE_INFOPLIST_FILE = YES;
				IPHONEOS_DEPLOYMENT_TARGET = 16.4;
				MARKETING_VERSION = 1.0;
				PRODUCT_BUNDLE_IDENTIFIER = com.project1.SeafoodTests;
				PRODUCT_NAME = "$(TARGET_NAME)";
				SWIFT_EMIT_LOC_STRINGS = NO;
				SWIFT_VERSION = 5.0;
				TARGETED_DEVICE_FAMILY = "1,2";
				TEST_HOST = "$(BUILT_PRODUCTS_DIR)/Seafood.app/$(BUNDLE_EXECUTABLE_FOLDER_PATH)/Seafood";
			};
			name = Release;
		};
		3A238DBB2B9CA3E300CFE3FB /* Debug */ = {
			isa = XCBuildConfiguration;
			buildSettings = {
				ALWAYS_EMBED_SWIFT_STANDARD_LIBRARIES = YES;
				CODE_SIGN_STYLE = Automatic;
				CURRENT_PROJECT_VERSION = 1;
				DEVELOPMENT_TEAM = SX32JKAL2M;
				GENERATE_INFOPLIST_FILE = YES;
				MARKETING_VERSION = 1.0;
				PRODUCT_BUNDLE_IDENTIFIER = com.project1.SeafoodUITests;
				PRODUCT_NAME = "$(TARGET_NAME)";
				SWIFT_EMIT_LOC_STRINGS = NO;
				SWIFT_VERSION = 5.0;
				TARGETED_DEVICE_FAMILY = "1,2";
				TEST_TARGET_NAME = Seafood;
			};
			name = Debug;
		};
		3A238DBC2B9CA3E300CFE3FB /* Release */ = {
			isa = XCBuildConfiguration;
			buildSettings = {
				ALWAYS_EMBED_SWIFT_STANDARD_LIBRARIES = YES;
				CODE_SIGN_STYLE = Automatic;
				CURRENT_PROJECT_VERSION = 1;
				DEVELOPMENT_TEAM = SX32JKAL2M;
				GENERATE_INFOPLIST_FILE = YES;
				MARKETING_VERSION = 1.0;
				PRODUCT_BUNDLE_IDENTIFIER = com.project1.SeafoodUITests;
				PRODUCT_NAME = "$(TARGET_NAME)";
				SWIFT_EMIT_LOC_STRINGS = NO;
				SWIFT_VERSION = 5.0;
				TARGETED_DEVICE_FAMILY = "1,2";
				TEST_TARGET_NAME = Seafood;
			};
			name = Release;
		};
/* End XCBuildConfiguration section */

/* Begin XCConfigurationList section */
		3A238D852B9CA3E100CFE3FB /* Build configuration list for PBXProject "Seafood" */ = {
			isa = XCConfigurationList;
			buildConfigurations = (
				3A238DB22B9CA3E300CFE3FB /* Debug */,
				3A238DB32B9CA3E300CFE3FB /* Release */,
			);
			defaultConfigurationIsVisible = 0;
			defaultConfigurationName = Release;
		};
		3A238DB42B9CA3E300CFE3FB /* Build configuration list for PBXNativeTarget "Seafood" */ = {
			isa = XCConfigurationList;
			buildConfigurations = (
				3A238DB52B9CA3E300CFE3FB /* Debug */,
				3A238DB62B9CA3E300CFE3FB /* Release */,
			);
			defaultConfigurationIsVisible = 0;
			defaultConfigurationName = Release;
		};
		3A238DB72B9CA3E300CFE3FB /* Build configuration list for PBXNativeTarget "SeafoodTests" */ = {
			isa = XCConfigurationList;
			buildConfigurations = (
				3A238DB82B9CA3E300CFE3FB /* Debug */,
				3A238DB92B9CA3E300CFE3FB /* Release */,
			);
			defaultConfigurationIsVisible = 0;
			defaultConfigurationName = Release;
		};
		3A238DBA2B9CA3E300CFE3FB /* Build configuration list for PBXNativeTarget "SeafoodUITests" */ = {
			isa = XCConfigurationList;
			buildConfigurations = (
				3A238DBB2B9CA3E300CFE3FB /* Debug */,
				3A238DBC2B9CA3E300CFE3FB /* Release */,
			);
			defaultConfigurationIsVisible = 0;
			defaultConfigurationName = Release;
		};
/* End XCConfigurationList section */
	};
	rootObject = 3A238D822B9CA3E100CFE3FB /* Project object */;
}
